<?xml version="1.0" encoding="utf-8"?>
<Project ToolsVersion="4.0" xmlns="http://schemas.microsoft.com/developer/msbuild/2003">
  <ItemGroup>
    <Filter Include="SRC">
      <UniqueIdentifier>{1dd30831-1276-4457-bb45-6185e749d848}</UniqueIdentifier>
    </Filter>
  </ItemGroup>
  <ItemGroup>
    <ClCompile Include="src\SLogBase.cpp">
      <Filter>SRC</Filter>
    </ClCompile>
    <ClCompile Include="src\SLog.cpp">
      <Filter>SRC</Filter>
    </ClCompile>
    <ClCompile Include="main.cpp" />
  </ItemGroup>
  <ItemGroup>
    <ClInclude Include="src\SLogBase.h">
      <Filter>SRC</Filter>
    </ClInclude>
    <ClInclude Include="src\SLog.h">
      <Filter>SRC</Filter>
    </ClInclude>
  </ItemGroup>
</Project>